
Microsoft Visual Studio Solution File, Format Version 12.00
# Visual Studio Version 16
VisualStudioVersion = 16.0.31729.503
MinimumVisualStudioVersion = 10.0.40219.1
Project("{FAE04EC0-301F-11D3-BF4B-00C04F79EFBC}") = "Ternary_If_Kullanimi", "Ternary_If_Kullanimi\Ternary_If_Kullanimi.csproj", "{C03CA2D0-FB6F-448C-ACA9-9CC93CB5998F}"
EndProject
Global
	GlobalSection(SolutionConfigurationPlatforms) = preSolution
		Debug|Any CPU = Debug|Any CPU
		Release|Any CPU = Release|Any CPU
	EndGlobalSection
	GlobalSection(ProjectConfigurationPlatforms) = postSolution
		{C03CA2D0-FB6F-448C-ACA9-9CC93CB5998F}.Debug|Any CPU.ActiveCfg = Debug|Any CPU
		{C03CA2D0-FB6F-448C-ACA9-9CC93CB5998F}.Debug|Any CPU.Build.0 = Debug|Any CPU
		{C03CA2D0-FB6F-448C-ACA9-9CC93CB5998F}.Release|Any CPU.ActiveCfg = Release|Any CPU
		{C03CA2D0-FB6F-448C-ACA9-9CC93CB5998F}.Release|Any CPU.Build.0 = Release|Any CPU
	EndGlobalSection
	GlobalSection(SolutionProperties) = preSolution
		HideSolutionNode = FALSE
	EndGlobalSection
	GlobalSection(ExtensibilityGlobals) = postSolution
		SolutionGuid = {27DB3D54-ED66-4227-BA8C-845AF34CA675}
	EndGlobalSection
EndGlobal
